
Microsoft Visual Studio Solution File, Format Version 12.00
# Visual Studio Version 17
VisualStudioVersion = 17.11.35312.102
MinimumVisualStudioVersion = 10.0.40219.1
Project("{FAE04EC0-301F-11D3-BF4B-00C04F79EFBC}") = "PR5", "PR5\PR5.csproj", "{7E2A20D1-7BC4-46F6-9DFF-F30BD35A9927}"
EndProject
Project("{FAE04EC0-301F-11D3-BF4B-00C04F79EFBC}") = "HashPassword", "HashPassword\HashPassword.csproj", "{B761138B-E601-4606-8E74-974D51762903}"
EndProject
Global
	GlobalSection(SolutionConfigurationPlatforms) = preSolution
		Debug|Any CPU = Debug|Any CPU
		Release|Any CPU = Release|Any CPU
	EndGlobalSection
	GlobalSection(ProjectConfigurationPlatforms) = postSolution
		{7E2A20D1-7BC4-46F6-9DFF-F30BD35A9927}.Debug|Any CPU.ActiveCfg = Debug|Any CPU
		{7E2A20D1-7BC4-46F6-9DFF-F30BD35A9927}.Debug|Any CPU.Build.0 = Debug|Any CPU
		{7E2A20D1-7BC4-46F6-9DFF-F30BD35A9927}.Release|Any CPU.ActiveCfg = Release|Any CPU
		{7E2A20D1-7BC4-46F6-9DFF-F30BD35A9927}.Release|Any CPU.Build.0 = Release|Any CPU
		{B761138B-E601-4606-8E74-974D51762903}.Debug|Any CPU.ActiveCfg = Debug|Any CPU
		{B761138B-E601-4606-8E74-974D51762903}.Debug|Any CPU.Build.0 = Debug|Any CPU
		{B761138B-E601-4606-8E74-974D51762903}.Release|Any CPU.ActiveCfg = Release|Any CPU
		{B761138B-E601-4606-8E74-974D51762903}.Release|Any CPU.Build.0 = Release|Any CPU
	EndGlobalSection
	GlobalSection(SolutionProperties) = preSolution
		HideSolutionNode = FALSE
	EndGlobalSection
	GlobalSection(ExtensibilityGlobals) = postSolution
		SolutionGuid = {87A44A79-DA8E-4691-8714-C8796629DDBC}
	EndGlobalSection
EndGlobal
